
Microsoft Visual Studio Solution File, Format Version 12.00
# Visual Studio Version 17
VisualStudioVersion = 17.13.35931.197 d17.13
MinimumVisualStudioVersion = 10.0.40219.1
Project("{FAE04EC0-301F-11D3-BF4B-00C04F79EFBC}") = "ms-users", "ms-users.csproj", "{D34A2E7D-9C45-FD27-3AED-5C71128D2AAB}"
EndProject
Global
	GlobalSection(SolutionConfigurationPlatforms) = preSolution
		Debug|Any CPU = Debug|Any CPU
		Release|Any CPU = Release|Any CPU
	EndGlobalSection
	GlobalSection(ProjectConfigurationPlatforms) = postSolution
		{D34A2E7D-9C45-FD27-3AED-5C71128D2AAB}.Debug|Any CPU.ActiveCfg = Debug|Any CPU
		{D34A2E7D-9C45-FD27-3AED-5C71128D2AAB}.Debug|Any CPU.Build.0 = Debug|Any CPU
		{D34A2E7D-9C45-FD27-3AED-5C71128D2AAB}.Release|Any CPU.ActiveCfg = Release|Any CPU
		{D34A2E7D-9C45-FD27-3AED-5C71128D2AAB}.Release|Any CPU.Build.0 = Release|Any CPU
	EndGlobalSection
	GlobalSection(SolutionProperties) = preSolution
		HideSolutionNode = FALSE
	EndGlobalSection
	GlobalSection(ExtensibilityGlobals) = postSolution
		SolutionGuid = {EE19D68B-DF93-452C-80A5-F7CEAAEA2247}
	EndGlobalSection
EndGlobal
